
Microsoft Visual Studio Solution File, Format Version 12.00
# Visual Studio Version 17
VisualStudioVersion = 17.9.34728.123
MinimumVisualStudioVersion = 10.0.40219.1
Project("{FAE04EC0-301F-11D3-BF4B-00C04F79EFBC}") = "blueFarm", "blueFarm\blueFarm.csproj", "{CD15B527-D93A-4E8E-9619-FD57EE4C6FE8}"
EndProject
Global
	GlobalSection(SolutionConfigurationPlatforms) = preSolution
		Debug|Any CPU = Debug|Any CPU
		Release|Any CPU = Release|Any CPU
	EndGlobalSection
	GlobalSection(ProjectConfigurationPlatforms) = postSolution
		{CD15B527-D93A-4E8E-9619-FD57EE4C6FE8}.Debug|Any CPU.ActiveCfg = Debug|Any CPU
		{CD15B527-D93A-4E8E-9619-FD57EE4C6FE8}.Debug|Any CPU.Build.0 = Debug|Any CPU
		{CD15B527-D93A-4E8E-9619-FD57EE4C6FE8}.Release|Any CPU.ActiveCfg = Release|Any CPU
		{CD15B527-D93A-4E8E-9619-FD57EE4C6FE8}.Release|Any CPU.Build.0 = Release|Any CPU
	EndGlobalSection
	GlobalSection(SolutionProperties) = preSolution
		HideSolutionNode = FALSE
	EndGlobalSection
	GlobalSection(ExtensibilityGlobals) = postSolution
		SolutionGuid = {0AFE3F6D-9EBE-4161-AF6D-BA3945415441}
	EndGlobalSection
EndGlobal
